
Microsoft Visual Studio Solution File, Format Version 12.00
# Visual Studio Version 16
VisualStudioVersion = 16.0.30611.23
MinimumVisualStudioVersion = 10.0.40219.1
Project("{FAE04EC0-301F-11D3-BF4B-00C04F79EFBC}") = "BracketConv", "BracketConv\BracketConv.csproj", "{691FF8CA-F6E1-4B9D-9769-91F95017CC8F}"
EndProject
Project("{9A19103F-16F7-4668-BE54-9A1E7A4F7556}") = "IniFileSharp", "IniFileSharp\IniFileSharp.csproj", "{FDE2FF22-197D-4BAD-A76A-962133706056}"
EndProject
Global
	GlobalSection(SolutionConfigurationPlatforms) = preSolution
		Debug|Any CPU = Debug|Any CPU
		Release|Any CPU = Release|Any CPU
	EndGlobalSection
	GlobalSection(ProjectConfigurationPlatforms) = postSolution
		{691FF8CA-F6E1-4B9D-9769-91F95017CC8F}.Debug|Any CPU.ActiveCfg = Debug|Any CPU
		{691FF8CA-F6E1-4B9D-9769-91F95017CC8F}.Debug|Any CPU.Build.0 = Debug|Any CPU
		{691FF8CA-F6E1-4B9D-9769-91F95017CC8F}.Release|Any CPU.ActiveCfg = Release|Any CPU
		{691FF8CA-F6E1-4B9D-9769-91F95017CC8F}.Release|Any CPU.Build.0 = Release|Any CPU
		{FDE2FF22-197D-4BAD-A76A-962133706056}.Debug|Any CPU.ActiveCfg = Debug|Any CPU
		{FDE2FF22-197D-4BAD-A76A-962133706056}.Debug|Any CPU.Build.0 = Debug|Any CPU
		{FDE2FF22-197D-4BAD-A76A-962133706056}.Release|Any CPU.ActiveCfg = Release|Any CPU
		{FDE2FF22-197D-4BAD-A76A-962133706056}.Release|Any CPU.Build.0 = Release|Any CPU
	EndGlobalSection
	GlobalSection(SolutionProperties) = preSolution
		HideSolutionNode = FALSE
	EndGlobalSection
	GlobalSection(ExtensibilityGlobals) = postSolution
		SolutionGuid = {ED61E7F7-F6B6-4A50-B120-48C29E4983C6}
	EndGlobalSection
EndGlobal
